
Microsoft Visual Studio Solution File, Format Version 12.00
Project("{FAE04EC0-301F-11D3-BF4B-00C04F79EFBC}") = "ChatGPT.Core", "ChatGPT.Core\ChatGPT.Core.csproj", "{F889FC8A-C21C-49CD-813C-A801F0B45ABE}"
EndProject
Project("{2150E333-8FDC-42A3-9474-1A3956D46DE8}") = "build", "build", "{62EB4E5F-59EB-4D59-83A0-2A8B5B2397ED}"
	ProjectSection(SolutionItems) = preProject
		NuGet.Config = NuGet.Config
		global.json = global.json
		Directory.Build.props = Directory.Build.props
		ChatGPT.snk = ChatGPT.snk
	EndProjectSection
EndProject
Project("{2150E333-8FDC-42A3-9474-1A3956D46DE8}") = "docs", "docs", "{0CAF70C8-9597-40F7-B7BA-A387AFBB7B61}"
	ProjectSection(SolutionItems) = preProject
		README.md = README.md
		LICENSE = LICENSE
	EndProjectSection
EndProject
Project("{2150E333-8FDC-42A3-9474-1A3956D46DE8}") = "src", "src", "{D8FA6D06-CC99-4421-84C1-776023ED413C}"
EndProject
Project("{FAE04EC0-301F-11D3-BF4B-00C04F79EFBC}") = "ChatGPT.UI", "ChatGPT.UI\ChatGPT.UI.csproj", "{D2EE52D9-A974-40F5-AEAC-FB67B2532CAB}"
EndProject
Project("{FAE04EC0-301F-11D3-BF4B-00C04F79EFBC}") = "ChatGPT.UI.Desktop", "ChatGPT.UI.Desktop\ChatGPT.UI.Desktop.csproj", "{BADB6E47-1860-4115-ADD0-A000B5A59687}"
EndProject
Project("{FAE04EC0-301F-11D3-BF4B-00C04F79EFBC}") = "ChatGPT.UI.Android", "ChatGPT.UI.Android\ChatGPT.UI.Android.csproj", "{97EA51A4-2A40-47D3-8ABE-C2DC2B0196DD}"
EndProject
Project("{FAE04EC0-301F-11D3-BF4B-00C04F79EFBC}") = "ChatGPT", "ChatGPT\ChatGPT.csproj", "{7B4B6F2D-F81F-410F-A5A4-5DA49B6426E1}"
EndProject
Project("{FAE04EC0-301F-11D3-BF4B-00C04F79EFBC}") = "ChatGPT.UI.iOS", "ChatGPT.UI.iOS\ChatGPT.UI.iOS.csproj", "{DCAF10E4-6A5E-4202-886F-C1AA52011929}"
EndProject
Project("{FAE04EC0-301F-11D3-BF4B-00C04F79EFBC}") = "ChatGPT.UI.Browser", "ChatGPT.UI.Browser\ChatGPT.UI.Browser.csproj", "{C484BEA9-F1E2-4135-89EA-5871E7F89CE5}"
EndProject
Project("{FAE04EC0-301F-11D3-BF4B-00C04F79EFBC}") = "ChatGPT.CLI.Repl", "ChatGPT.CLI.Repl\ChatGPT.CLI.Repl.csproj", "{AC2B2748-09FD-401F-A167-8DC3D06A52AE}"
EndProject
Project("{FAE04EC0-301F-11D3-BF4B-00C04F79EFBC}") = "ChatGPT.CLI.Chaining", "ChatGPT.CLI.Chaining\ChatGPT.CLI.Chaining.csproj", "{C1DCF147-4446-45E2-9811-5DEE39763DE2}"
EndProject
Project("{FAE04EC0-301F-11D3-BF4B-00C04F79EFBC}") = "ChatGPT.CLI", "ChatGPT.CLI\ChatGPT.CLI.csproj", "{4359F19F-42E9-44E0-B119-0ED27A646323}"
EndProject
Project("{FAE04EC0-301F-11D3-BF4B-00C04F79EFBC}") = "ChatGPT.UI.Designer", "ChatGPT.UI.Designer\ChatGPT.UI.Designer.csproj", "{997090FB-3FF4-47B6-AF5C-F952AB2CADA3}"
EndProject
Project("{FAE04EC0-301F-11D3-BF4B-00C04F79EFBC}") = "ChatGptCom", "ChatGptCom\ChatGptCom.csproj", "{86AB4543-0B2C-4E6B-8AB8-05BEEE8A18DA}"
EndProject
Global
	GlobalSection(SolutionConfigurationPlatforms) = preSolution
		Debug|Any CPU = Debug|Any CPU
		Release|Any CPU = Release|Any CPU
	EndGlobalSection
	GlobalSection(ProjectConfigurationPlatforms) = postSolution
		{F889FC8A-C21C-49CD-813C-A801F0B45ABE}.Debug|Any CPU.ActiveCfg = Debug|Any CPU
		{F889FC8A-C21C-49CD-813C-A801F0B45ABE}.Debug|Any CPU.Build.0 = Debug|Any CPU
		{F889FC8A-C21C-49CD-813C-A801F0B45ABE}.Release|Any CPU.ActiveCfg = Release|Any CPU
		{F889FC8A-C21C-49CD-813C-A801F0B45ABE}.Release|Any CPU.Build.0 = Release|Any CPU
		{D2EE52D9-A974-40F5-AEAC-FB67B2532CAB}.Debug|Any CPU.ActiveCfg = Debug|Any CPU
		{D2EE52D9-A974-40F5-AEAC-FB67B2532CAB}.Debug|Any CPU.Build.0 = Debug|Any CPU
		{D2EE52D9-A974-40F5-AEAC-FB67B2532CAB}.Release|Any CPU.ActiveCfg = Release|Any CPU
		{D2EE52D9-A974-40F5-AEAC-FB67B2532CAB}.Release|Any CPU.Build.0 = Release|Any CPU
		{BADB6E47-1860-4115-ADD0-A000B5A59687}.Debug|Any CPU.ActiveCfg = Debug|Any CPU
		{BADB6E47-1860-4115-ADD0-A000B5A59687}.Debug|Any CPU.Build.0 = Debug|Any CPU
		{BADB6E47-1860-4115-ADD0-A000B5A59687}.Release|Any CPU.ActiveCfg = Release|Any CPU
		{BADB6E47-1860-4115-ADD0-A000B5A59687}.Release|Any CPU.Build.0 = Release|Any CPU
		{97EA51A4-2A40-47D3-8ABE-C2DC2B0196DD}.Debug|Any CPU.ActiveCfg = Debug|Any CPU
		{97EA51A4-2A40-47D3-8ABE-C2DC2B0196DD}.Debug|Any CPU.Build.0 = Debug|Any CPU
		{97EA51A4-2A40-47D3-8ABE-C2DC2B0196DD}.Release|Any CPU.ActiveCfg = Release|Any CPU
		{97EA51A4-2A40-47D3-8ABE-C2DC2B0196DD}.Release|Any CPU.Build.0 = Release|Any CPU
		{7B4B6F2D-F81F-410F-A5A4-5DA49B6426E1}.Debug|Any CPU.ActiveCfg = Debug|Any CPU
		{7B4B6F2D-F81F-410F-A5A4-5DA49B6426E1}.Debug|Any CPU.Build.0 = Debug|Any CPU
		{7B4B6F2D-F81F-410F-A5A4-5DA49B6426E1}.Release|Any CPU.ActiveCfg = Release|Any CPU
		{7B4B6F2D-F81F-410F-A5A4-5DA49B6426E1}.Release|Any CPU.Build.0 = Release|Any CPU
		{DCAF10E4-6A5E-4202-886F-C1AA52011929}.Debug|Any CPU.ActiveCfg = Debug|Any CPU
		{DCAF10E4-6A5E-4202-886F-C1AA52011929}.Debug|Any CPU.Build.0 = Debug|Any CPU
		{DCAF10E4-6A5E-4202-886F-C1AA52011929}.Release|Any CPU.ActiveCfg = Release|Any CPU
		{DCAF10E4-6A5E-4202-886F-C1AA52011929}.Release|Any CPU.Build.0 = Release|Any CPU
		{C484BEA9-F1E2-4135-89EA-5871E7F89CE5}.Debug|Any CPU.ActiveCfg = Debug|Any CPU
		{C484BEA9-F1E2-4135-89EA-5871E7F89CE5}.Debug|Any CPU.Build.0 = Debug|Any CPU
		{C484BEA9-F1E2-4135-89EA-5871E7F89CE5}.Release|Any CPU.ActiveCfg = Release|Any CPU
		{C484BEA9-F1E2-4135-89EA-5871E7F89CE5}.Release|Any CPU.Build.0 = Release|Any CPU
		{AC2B2748-09FD-401F-A167-8DC3D06A52AE}.Debug|Any CPU.ActiveCfg = Debug|Any CPU
		{AC2B2748-09FD-401F-A167-8DC3D06A52AE}.Debug|Any CPU.Build.0 = Debug|Any CPU
		{AC2B2748-09FD-401F-A167-8DC3D06A52AE}.Release|Any CPU.ActiveCfg = Release|Any CPU
		{AC2B2748-09FD-401F-A167-8DC3D06A52AE}.Release|Any CPU.Build.0 = Release|Any CPU
		{C1DCF147-4446-45E2-9811-5DEE39763DE2}.Debug|Any CPU.ActiveCfg = Debug|Any CPU
		{C1DCF147-4446-45E2-9811-5DEE39763DE2}.Debug|Any CPU.Build.0 = Debug|Any CPU
		{C1DCF147-4446-45E2-9811-5DEE39763DE2}.Release|Any CPU.ActiveCfg = Release|Any CPU
		{C1DCF147-4446-45E2-9811-5DEE39763DE2}.Release|Any CPU.Build.0 = Release|Any CPU
		{4359F19F-42E9-44E0-B119-0ED27A646323}.Debug|Any CPU.ActiveCfg = Debug|Any CPU
		{4359F19F-42E9-44E0-B119-0ED27A646323}.Debug|Any CPU.Build.0 = Debug|Any CPU
		{4359F19F-42E9-44E0-B119-0ED27A646323}.Release|Any CPU.ActiveCfg = Release|Any CPU
		{4359F19F-42E9-44E0-B119-0ED27A646323}.Release|Any CPU.Build.0 = Release|Any CPU
		{997090FB-3FF4-47B6-AF5C-F952AB2CADA3}.Debug|Any CPU.ActiveCfg = Debug|Any CPU
		{997090FB-3FF4-47B6-AF5C-F952AB2CADA3}.Debug|Any CPU.Build.0 = Debug|Any CPU
		{997090FB-3FF4-47B6-AF5C-F952AB2CADA3}.Release|Any CPU.ActiveCfg = Release|Any CPU
		{997090FB-3FF4-47B6-AF5C-F952AB2CADA3}.Release|Any CPU.Build.0 = Release|Any CPU
		{86AB4543-0B2C-4E6B-8AB8-05BEEE8A18DA}.Debug|Any CPU.ActiveCfg = Debug|Any CPU
		{86AB4543-0B2C-4E6B-8AB8-05BEEE8A18DA}.Debug|Any CPU.Build.0 = Debug|Any CPU
		{86AB4543-0B2C-4E6B-8AB8-05BEEE8A18DA}.Release|Any CPU.ActiveCfg = Release|Any CPU
		{86AB4543-0B2C-4E6B-8AB8-05BEEE8A18DA}.Release|Any CPU.Build.0 = Release|Any CPU
	EndGlobalSection
	GlobalSection(NestedProjects) = preSolution
		{F889FC8A-C21C-49CD-813C-A801F0B45ABE} = {D8FA6D06-CC99-4421-84C1-776023ED413C}
		{D2EE52D9-A974-40F5-AEAC-FB67B2532CAB} = {D8FA6D06-CC99-4421-84C1-776023ED413C}
		{BADB6E47-1860-4115-ADD0-A000B5A59687} = {D8FA6D06-CC99-4421-84C1-776023ED413C}
		{97EA51A4-2A40-47D3-8ABE-C2DC2B0196DD} = {D8FA6D06-CC99-4421-84C1-776023ED413C}
		{7B4B6F2D-F81F-410F-A5A4-5DA49B6426E1} = {D8FA6D06-CC99-4421-84C1-776023ED413C}
		{DCAF10E4-6A5E-4202-886F-C1AA52011929} = {D8FA6D06-CC99-4421-84C1-776023ED413C}
		{C484BEA9-F1E2-4135-89EA-5871E7F89CE5} = {D8FA6D06-CC99-4421-84C1-776023ED413C}
		{AC2B2748-09FD-401F-A167-8DC3D06A52AE} = {D8FA6D06-CC99-4421-84C1-776023ED413C}
		{C1DCF147-4446-45E2-9811-5DEE39763DE2} = {D8FA6D06-CC99-4421-84C1-776023ED413C}
		{4359F19F-42E9-44E0-B119-0ED27A646323} = {D8FA6D06-CC99-4421-84C1-776023ED413C}
		{997090FB-3FF4-47B6-AF5C-F952AB2CADA3} = {D8FA6D06-CC99-4421-84C1-776023ED413C}
		{86AB4543-0B2C-4E6B-8AB8-05BEEE8A18DA} = {D8FA6D06-CC99-4421-84C1-776023ED413C}
	EndGlobalSection
EndGlobal
