Microsoft Visual Studio Solution File, Format Version 12.00
# Visual Studio Version 17
VisualStudioVersion = 17.5.33103.201
MinimumVisualStudioVersion = 10.0.40219.1
Project("{9A19103F-16F7-4668-BE54-9A1E7A4F7556}") = "ChatGPT.Core", "src\ChatGPT.Core\ChatGPT.Core.csproj", "{F889FC8A-C21C-49CD-813C-A801F0B45ABE}"
EndProject
Project("{2150E333-8FDC-42A3-9474-1A3956D46DE8}") = "build", "build", "{62EB4E5F-59EB-4D59-83A0-2A8B5B2397ED}"
	ProjectSection(SolutionItems) = preProject
		azure-pipelines.yml = azure-pipelines.yml
		build.cmd = build.cmd
		build.ps1 = build.ps1
		build.sh = build.sh
		ChatGPT.snk = ChatGPT.snk
		Directory.Build.props = Directory.Build.props
		global.json = global.json
		NuGet.Config = NuGet.Config
	EndProjectSection
EndProject
Project("{2150E333-8FDC-42A3-9474-1A3956D46DE8}") = "docs", "docs", "{0CAF70C8-9597-40F7-B7BA-A387AFBB7B61}"
	ProjectSection(SolutionItems) = preProject
		LICENSE = LICENSE
		README.md = README.md
	EndProjectSection
EndProject
Project("{2150E333-8FDC-42A3-9474-1A3956D46DE8}") = "src", "src", "{D8FA6D06-CC99-4421-84C1-776023ED413C}"
EndProject
Project("{9A19103F-16F7-4668-BE54-9A1E7A4F7556}") = "ChatGPT.UI", "src\ChatGPT.UI\ChatGPT.UI.csproj", "{D2EE52D9-A974-40F5-AEAC-FB67B2532CAB}"
EndProject
Project("{9A19103F-16F7-4668-BE54-9A1E7A4F7556}") = "ChatGPT.UI.Desktop", "src\ChatGPT.UI.Desktop\ChatGPT.UI.Desktop.csproj", "{BADB6E47-1860-4115-ADD0-A000B5A59687}"
EndProject
Project("{9A19103F-16F7-4668-BE54-9A1E7A4F7556}") = "ChatGPT.UI.Android", "src\ChatGPT.UI.Android\ChatGPT.UI.Android.csproj", "{97EA51A4-2A40-47D3-8ABE-C2DC2B0196DD}"
EndProject
Project("{9A19103F-16F7-4668-BE54-9A1E7A4F7556}") = "ChatGPT", "src\ChatGPT\ChatGPT.csproj", "{7B4B6F2D-F81F-410F-A5A4-5DA49B6426E1}"
EndProject
Project("{9A19103F-16F7-4668-BE54-9A1E7A4F7556}") = "ChatGPT.UI.iOS", "src\ChatGPT.UI.iOS\ChatGPT.UI.iOS.csproj", "{DCAF10E4-6A5E-4202-886F-C1AA52011929}"
EndProject
Project("{9A19103F-16F7-4668-BE54-9A1E7A4F7556}") = "ChatGPT.UI.Browser", "src\ChatGPT.UI.Browser\ChatGPT.UI.Browser.csproj", "{C484BEA9-F1E2-4135-89EA-5871E7F89CE5}"
EndProject
Project("{9A19103F-16F7-4668-BE54-9A1E7A4F7556}") = "ChatGPT.CLI.Repl", "samples\ChatGPT.CLI.Repl\ChatGPT.CLI.Repl.csproj", "{AC2B2748-09FD-401F-A167-8DC3D06A52AE}"
EndProject
Project("{9A19103F-16F7-4668-BE54-9A1E7A4F7556}") = "ChatGPT.CLI.Chaining", "samples\ChatGPT.CLI.Chaining\ChatGPT.CLI.Chaining.csproj", "{C1DCF147-4446-45E2-9811-5DEE39763DE2}"
EndProject
Project("{9A19103F-16F7-4668-BE54-9A1E7A4F7556}") = "ChatGPT.CLI", "src\ChatGPT.CLI\ChatGPT.CLI.csproj", "{4359F19F-42E9-44E0-B119-0ED27A646323}"
EndProject
Project("{9A19103F-16F7-4668-BE54-9A1E7A4F7556}") = "ChatGPT.UI.Designer", "samples\ChatGPT.UI.Designer\ChatGPT.UI.Designer.csproj", "{997090FB-3FF4-47B6-AF5C-F952AB2CADA3}"
EndProject
Project("{9A19103F-16F7-4668-BE54-9A1E7A4F7556}") = "ChatGptCom", "src\ChatGptCom\ChatGptCom.csproj", "{86AB4543-0B2C-4E6B-8AB8-05BEEE8A18DA}"
EndProject
Project("{9A19103F-16F7-4668-BE54-9A1E7A4F7556}") = "_build", "build\build\_build.csproj", "{A9793A98-235E-4877-A3FC-C7C3DB4852FA}"
EndProject
Project("{2150E333-8FDC-42A3-9474-1A3956D46DE8}") = "tests", "tests", "{D3B27217-AB31-4AB0-8FF9-C7528DA03FDE}"
EndProject
Project("{9A19103F-16F7-4668-BE54-9A1E7A4F7556}") = "ChatGPT.UnitTests", "tests\ChatGPT.UnitTests\ChatGPT.UnitTests.csproj", "{F9D8D17B-228B-4D5E-8126-39E8F41B87A2}"
EndProject
Project("{9A19103F-16F7-4668-BE54-9A1E7A4F7556}") = "ChatGPT.UI.Game", "samples\ChatGPT.UI.Game\ChatGPT.UI.Game.csproj", "{B0A8A296-575A-443A-BD55-12713EAFE506}"
EndProject
Project("{2150E333-8FDC-42A3-9474-1A3956D46DE8}") = "samples", "samples", "{5EDF3913-3E89-44F6-A11F-52DA003AD315}"
EndProject
Global
	GlobalSection(SolutionConfigurationPlatforms) = preSolution
		Debug|Any CPU = Debug|Any CPU
		Release|Any CPU = Release|Any CPU
	EndGlobalSection
	GlobalSection(ProjectConfigurationPlatforms) = postSolution
		{F889FC8A-C21C-49CD-813C-A801F0B45ABE}.Debug|Any CPU.ActiveCfg = Debug|Any CPU
		{F889FC8A-C21C-49CD-813C-A801F0B45ABE}.Debug|Any CPU.Build.0 = Debug|Any CPU
		{F889FC8A-C21C-49CD-813C-A801F0B45ABE}.Release|Any CPU.ActiveCfg = Release|Any CPU
		{F889FC8A-C21C-49CD-813C-A801F0B45ABE}.Release|Any CPU.Build.0 = Release|Any CPU
		{D2EE52D9-A974-40F5-AEAC-FB67B2532CAB}.Debug|Any CPU.ActiveCfg = Debug|Any CPU
		{D2EE52D9-A974-40F5-AEAC-FB67B2532CAB}.Debug|Any CPU.Build.0 = Debug|Any CPU
		{D2EE52D9-A974-40F5-AEAC-FB67B2532CAB}.Release|Any CPU.ActiveCfg = Release|Any CPU
		{D2EE52D9-A974-40F5-AEAC-FB67B2532CAB}.Release|Any CPU.Build.0 = Release|Any CPU
		{BADB6E47-1860-4115-ADD0-A000B5A59687}.Debug|Any CPU.ActiveCfg = Debug|Any CPU
		{BADB6E47-1860-4115-ADD0-A000B5A59687}.Debug|Any CPU.Build.0 = Debug|Any CPU
		{BADB6E47-1860-4115-ADD0-A000B5A59687}.Release|Any CPU.ActiveCfg = Release|Any CPU
		{BADB6E47-1860-4115-ADD0-A000B5A59687}.Release|Any CPU.Build.0 = Release|Any CPU
		{97EA51A4-2A40-47D3-8ABE-C2DC2B0196DD}.Debug|Any CPU.ActiveCfg = Debug|Any CPU
		{97EA51A4-2A40-47D3-8ABE-C2DC2B0196DD}.Debug|Any CPU.Build.0 = Debug|Any CPU
		{97EA51A4-2A40-47D3-8ABE-C2DC2B0196DD}.Release|Any CPU.ActiveCfg = Release|Any CPU
		{97EA51A4-2A40-47D3-8ABE-C2DC2B0196DD}.Release|Any CPU.Build.0 = Release|Any CPU
		{7B4B6F2D-F81F-410F-A5A4-5DA49B6426E1}.Debug|Any CPU.ActiveCfg = Debug|Any CPU
		{7B4B6F2D-F81F-410F-A5A4-5DA49B6426E1}.Debug|Any CPU.Build.0 = Debug|Any CPU
		{7B4B6F2D-F81F-410F-A5A4-5DA49B6426E1}.Release|Any CPU.ActiveCfg = Release|Any CPU
		{7B4B6F2D-F81F-410F-A5A4-5DA49B6426E1}.Release|Any CPU.Build.0 = Release|Any CPU
		{DCAF10E4-6A5E-4202-886F-C1AA52011929}.Debug|Any CPU.ActiveCfg = Debug|Any CPU
		{DCAF10E4-6A5E-4202-886F-C1AA52011929}.Debug|Any CPU.Build.0 = Debug|Any CPU
		{DCAF10E4-6A5E-4202-886F-C1AA52011929}.Release|Any CPU.ActiveCfg = Release|Any CPU
		{DCAF10E4-6A5E-4202-886F-C1AA52011929}.Release|Any CPU.Build.0 = Release|Any CPU
		{C484BEA9-F1E2-4135-89EA-5871E7F89CE5}.Debug|Any CPU.ActiveCfg = Debug|Any CPU
		{C484BEA9-F1E2-4135-89EA-5871E7F89CE5}.Debug|Any CPU.Build.0 = Debug|Any CPU
		{C484BEA9-F1E2-4135-89EA-5871E7F89CE5}.Release|Any CPU.ActiveCfg = Release|Any CPU
		{C484BEA9-F1E2-4135-89EA-5871E7F89CE5}.Release|Any CPU.Build.0 = Release|Any CPU
		{AC2B2748-09FD-401F-A167-8DC3D06A52AE}.Debug|Any CPU.ActiveCfg = Debug|Any CPU
		{AC2B2748-09FD-401F-A167-8DC3D06A52AE}.Debug|Any CPU.Build.0 = Debug|Any CPU
		{AC2B2748-09FD-401F-A167-8DC3D06A52AE}.Release|Any CPU.ActiveCfg = Release|Any CPU
		{AC2B2748-09FD-401F-A167-8DC3D06A52AE}.Release|Any CPU.Build.0 = Release|Any CPU
		{C1DCF147-4446-45E2-9811-5DEE39763DE2}.Debug|Any CPU.ActiveCfg = Debug|Any CPU
		{C1DCF147-4446-45E2-9811-5DEE39763DE2}.Debug|Any CPU.Build.0 = Debug|Any CPU
		{C1DCF147-4446-45E2-9811-5DEE39763DE2}.Release|Any CPU.ActiveCfg = Release|Any CPU
		{C1DCF147-4446-45E2-9811-5DEE39763DE2}.Release|Any CPU.Build.0 = Release|Any CPU
		{4359F19F-42E9-44E0-B119-0ED27A646323}.Debug|Any CPU.ActiveCfg = Debug|Any CPU
		{4359F19F-42E9-44E0-B119-0ED27A646323}.Debug|Any CPU.Build.0 = Debug|Any CPU
		{4359F19F-42E9-44E0-B119-0ED27A646323}.Release|Any CPU.ActiveCfg = Release|Any CPU
		{4359F19F-42E9-44E0-B119-0ED27A646323}.Release|Any CPU.Build.0 = Release|Any CPU
		{997090FB-3FF4-47B6-AF5C-F952AB2CADA3}.Debug|Any CPU.ActiveCfg = Debug|Any CPU
		{997090FB-3FF4-47B6-AF5C-F952AB2CADA3}.Debug|Any CPU.Build.0 = Debug|Any CPU
		{997090FB-3FF4-47B6-AF5C-F952AB2CADA3}.Release|Any CPU.ActiveCfg = Release|Any CPU
		{997090FB-3FF4-47B6-AF5C-F952AB2CADA3}.Release|Any CPU.Build.0 = Release|Any CPU
		{86AB4543-0B2C-4E6B-8AB8-05BEEE8A18DA}.Debug|Any CPU.ActiveCfg = Debug|Any CPU
		{86AB4543-0B2C-4E6B-8AB8-05BEEE8A18DA}.Debug|Any CPU.Build.0 = Debug|Any CPU
		{86AB4543-0B2C-4E6B-8AB8-05BEEE8A18DA}.Release|Any CPU.ActiveCfg = Release|Any CPU
		{86AB4543-0B2C-4E6B-8AB8-05BEEE8A18DA}.Release|Any CPU.Build.0 = Release|Any CPU
		{A9793A98-235E-4877-A3FC-C7C3DB4852FA}.Debug|Any CPU.ActiveCfg = Debug|Any CPU
		{A9793A98-235E-4877-A3FC-C7C3DB4852FA}.Debug|Any CPU.Build.0 = Debug|Any CPU
		{A9793A98-235E-4877-A3FC-C7C3DB4852FA}.Release|Any CPU.ActiveCfg = Release|Any CPU
		{A9793A98-235E-4877-A3FC-C7C3DB4852FA}.Release|Any CPU.Build.0 = Release|Any CPU
		{F9D8D17B-228B-4D5E-8126-39E8F41B87A2}.Debug|Any CPU.ActiveCfg = Debug|Any CPU
		{F9D8D17B-228B-4D5E-8126-39E8F41B87A2}.Debug|Any CPU.Build.0 = Debug|Any CPU
		{F9D8D17B-228B-4D5E-8126-39E8F41B87A2}.Release|Any CPU.ActiveCfg = Release|Any CPU
		{F9D8D17B-228B-4D5E-8126-39E8F41B87A2}.Release|Any CPU.Build.0 = Release|Any CPU
		{B0A8A296-575A-443A-BD55-12713EAFE506}.Debug|Any CPU.ActiveCfg = Debug|Any CPU
		{B0A8A296-575A-443A-BD55-12713EAFE506}.Debug|Any CPU.Build.0 = Debug|Any CPU
		{B0A8A296-575A-443A-BD55-12713EAFE506}.Release|Any CPU.ActiveCfg = Release|Any CPU
		{B0A8A296-575A-443A-BD55-12713EAFE506}.Release|Any CPU.Build.0 = Release|Any CPU
	EndGlobalSection
	GlobalSection(SolutionProperties) = preSolution
		HideSolutionNode = FALSE
	EndGlobalSection
	GlobalSection(NestedProjects) = preSolution
		{F889FC8A-C21C-49CD-813C-A801F0B45ABE} = {D8FA6D06-CC99-4421-84C1-776023ED413C}
		{D2EE52D9-A974-40F5-AEAC-FB67B2532CAB} = {D8FA6D06-CC99-4421-84C1-776023ED413C}
		{BADB6E47-1860-4115-ADD0-A000B5A59687} = {D8FA6D06-CC99-4421-84C1-776023ED413C}
		{97EA51A4-2A40-47D3-8ABE-C2DC2B0196DD} = {D8FA6D06-CC99-4421-84C1-776023ED413C}
		{7B4B6F2D-F81F-410F-A5A4-5DA49B6426E1} = {D8FA6D06-CC99-4421-84C1-776023ED413C}
		{DCAF10E4-6A5E-4202-886F-C1AA52011929} = {D8FA6D06-CC99-4421-84C1-776023ED413C}
		{C484BEA9-F1E2-4135-89EA-5871E7F89CE5} = {D8FA6D06-CC99-4421-84C1-776023ED413C}
		{AC2B2748-09FD-401F-A167-8DC3D06A52AE} = {5EDF3913-3E89-44F6-A11F-52DA003AD315}
		{C1DCF147-4446-45E2-9811-5DEE39763DE2} = {5EDF3913-3E89-44F6-A11F-52DA003AD315}
		{4359F19F-42E9-44E0-B119-0ED27A646323} = {D8FA6D06-CC99-4421-84C1-776023ED413C}
		{997090FB-3FF4-47B6-AF5C-F952AB2CADA3} = {5EDF3913-3E89-44F6-A11F-52DA003AD315}
		{86AB4543-0B2C-4E6B-8AB8-05BEEE8A18DA} = {D8FA6D06-CC99-4421-84C1-776023ED413C}
		{A9793A98-235E-4877-A3FC-C7C3DB4852FA} = {62EB4E5F-59EB-4D59-83A0-2A8B5B2397ED}
		{F9D8D17B-228B-4D5E-8126-39E8F41B87A2} = {D3B27217-AB31-4AB0-8FF9-C7528DA03FDE}
		{B0A8A296-575A-443A-BD55-12713EAFE506} = {5EDF3913-3E89-44F6-A11F-52DA003AD315}
	EndGlobalSection
EndGlobal
